
Microsoft Visual Studio Solution File, Format Version 12.00
# Visual Studio Version 16
VisualStudioVersion = 16.0.30011.22
MinimumVisualStudioVersion = 10.0.40219.1
Project("{FAE04EC0-301F-11D3-BF4B-00C04F79EFBC}") = "WitchBroom", "WitchBroom.csproj", "{4ECB6784-B7D3-4B30-B3F9-487BEAE85C84}"
EndProject
Global
	GlobalSection(SolutionConfigurationPlatforms) = preSolution
		Debug|Any CPU = Debug|Any CPU
		Release|Any CPU = Release|Any CPU
	EndGlobalSection
	GlobalSection(ProjectConfigurationPlatforms) = postSolution
		{4ECB6784-B7D3-4B30-B3F9-487BEAE85C84}.Debug|Any CPU.ActiveCfg = Debug|Any CPU
		{4ECB6784-B7D3-4B30-B3F9-487BEAE85C84}.Debug|Any CPU.Build.0 = Debug|Any CPU
		{4ECB6784-B7D3-4B30-B3F9-487BEAE85C84}.Release|Any CPU.ActiveCfg = Release|Any CPU
		{4ECB6784-B7D3-4B30-B3F9-487BEAE85C84}.Release|Any CPU.Build.0 = Release|Any CPU
	EndGlobalSection
	GlobalSection(SolutionProperties) = preSolution
		HideSolutionNode = FALSE
	EndGlobalSection
	GlobalSection(ExtensibilityGlobals) = postSolution
		SolutionGuid = {422CB0F9-75A8-4664-B0B7-BE33B765FDE8}
	EndGlobalSection
EndGlobal
